
Microsoft Visual Studio Solution File, Format Version 12.00
# Visual Studio 15
VisualStudioVersion = 15.0.27428.2027
MinimumVisualStudioVersion = 10.0.40219.1
Project("{FAE04EC0-301F-11D3-BF4B-00C04F79EFBC}") = "Richardson_Nathaniel_CustomClass", "Richardson_Nathaniel_CustomClass\Richardson_Nathaniel_CustomClass.csproj", "{912B0461-C92B-4658-A022-76A5B0A906B7}"
EndProject
Global
	GlobalSection(SolutionConfigurationPlatforms) = preSolution
		Debug|Any CPU = Debug|Any CPU
		Release|Any CPU = Release|Any CPU
	EndGlobalSection
	GlobalSection(ProjectConfigurationPlatforms) = postSolution
		{912B0461-C92B-4658-A022-76A5B0A906B7}.Debug|Any CPU.ActiveCfg = Debug|Any CPU
		{912B0461-C92B-4658-A022-76A5B0A906B7}.Debug|Any CPU.Build.0 = Debug|Any CPU
		{912B0461-C92B-4658-A022-76A5B0A906B7}.Release|Any CPU.ActiveCfg = Release|Any CPU
		{912B0461-C92B-4658-A022-76A5B0A906B7}.Release|Any CPU.Build.0 = Release|Any CPU
	EndGlobalSection
	GlobalSection(SolutionProperties) = preSolution
		HideSolutionNode = FALSE
	EndGlobalSection
	GlobalSection(ExtensibilityGlobals) = postSolution
		SolutionGuid = {C112F2EE-FFF9-471D-87B8-031DD0861B53}
	EndGlobalSection
EndGlobal
