
Microsoft Visual Studio Solution File, Format Version 12.00
# Visual Studio 15
VisualStudioVersion = 15.0.27428.2027
MinimumVisualStudioVersion = 10.0.40219.1
Project("{FAE04EC0-301F-11D3-BF4B-00C04F79EFBC}") = "Richardson_Nathaniel_StringObjects", "Richardson_Nathaniel_StringObjects\Richardson_Nathaniel_StringObjects.csproj", "{259D56EE-C49A-4D1E-BF5B-EE10EADAFDBA}"
EndProject
Global
	GlobalSection(SolutionConfigurationPlatforms) = preSolution
		Debug|Any CPU = Debug|Any CPU
		Release|Any CPU = Release|Any CPU
	EndGlobalSection
	GlobalSection(ProjectConfigurationPlatforms) = postSolution
		{259D56EE-C49A-4D1E-BF5B-EE10EADAFDBA}.Debug|Any CPU.ActiveCfg = Debug|Any CPU
		{259D56EE-C49A-4D1E-BF5B-EE10EADAFDBA}.Debug|Any CPU.Build.0 = Debug|Any CPU
		{259D56EE-C49A-4D1E-BF5B-EE10EADAFDBA}.Release|Any CPU.ActiveCfg = Release|Any CPU
		{259D56EE-C49A-4D1E-BF5B-EE10EADAFDBA}.Release|Any CPU.Build.0 = Release|Any CPU
	EndGlobalSection
	GlobalSection(SolutionProperties) = preSolution
		HideSolutionNode = FALSE
	EndGlobalSection
	GlobalSection(ExtensibilityGlobals) = postSolution
		SolutionGuid = {78FEF8EA-3764-42E2-A4A1-207B0C1EF519}
	EndGlobalSection
EndGlobal
