
Microsoft Visual Studio Solution File, Format Version 12.00
# Visual Studio 15
VisualStudioVersion = 15.0.27428.2027
MinimumVisualStudioVersion = 10.0.40219.1
Project("{FAE04EC0-301F-11D3-BF4B-00C04F79EFBC}") = "Richardson_Nathaniel_LogicLoops", "Richardson_Nathaniel_LogicLoops\Richardson_Nathaniel_LogicLoops.csproj", "{365643B5-AFB8-4480-8EB3-0BE66135B4D1}"
EndProject
Global
	GlobalSection(SolutionConfigurationPlatforms) = preSolution
		Debug|Any CPU = Debug|Any CPU
		Release|Any CPU = Release|Any CPU
	EndGlobalSection
	GlobalSection(ProjectConfigurationPlatforms) = postSolution
		{365643B5-AFB8-4480-8EB3-0BE66135B4D1}.Debug|Any CPU.ActiveCfg = Debug|Any CPU
		{365643B5-AFB8-4480-8EB3-0BE66135B4D1}.Debug|Any CPU.Build.0 = Debug|Any CPU
		{365643B5-AFB8-4480-8EB3-0BE66135B4D1}.Release|Any CPU.ActiveCfg = Release|Any CPU
		{365643B5-AFB8-4480-8EB3-0BE66135B4D1}.Release|Any CPU.Build.0 = Release|Any CPU
	EndGlobalSection
	GlobalSection(SolutionProperties) = preSolution
		HideSolutionNode = FALSE
	EndGlobalSection
	GlobalSection(ExtensibilityGlobals) = postSolution
		SolutionGuid = {755C4F9C-5064-4935-A0EB-830FE0320D42}
	EndGlobalSection
EndGlobal
